
Microsoft Visual Studio Solution File, Format Version 12.00
# Visual Studio Version 17
VisualStudioVersion = 17.0.32112.339
MinimumVisualStudioVersion = 10.0.40219.1
Project("{2150E333-8FDC-42A3-9474-1A3956D46DE8}") = "Services", "Services", "{FF0DCC66-0ADB-4ACA-8FF7-85D159E5E31F}"
EndProject
Project("{2150E333-8FDC-42A3-9474-1A3956D46DE8}") = "Catelog", "Catelog", "{B7281921-5527-4E1B-AAC3-948A98A1DADD}"
EndProject
Project("{9A19103F-16F7-4668-BE54-9A1E7A4F7556}") = "Catelog.API", "Services\Catelog\Catelog.API\Catelog.API.csproj", "{B8C0D963-B31A-41AA-BA97-7CD7424999F7}"
EndProject
Project("{E53339B2-1760-4266-BCC7-CA923CBCF16C}") = "docker-compose", "docker-compose.dcproj", "{4F206192-78F0-4D83-8319-5099F75C1FA0}"
EndProject
Global
	GlobalSection(SolutionConfigurationPlatforms) = preSolution
		Debug|Any CPU = Debug|Any CPU
		Release|Any CPU = Release|Any CPU
	EndGlobalSection
	GlobalSection(ProjectConfigurationPlatforms) = postSolution
		{B8C0D963-B31A-41AA-BA97-7CD7424999F7}.Debug|Any CPU.ActiveCfg = Debug|Any CPU
		{B8C0D963-B31A-41AA-BA97-7CD7424999F7}.Debug|Any CPU.Build.0 = Debug|Any CPU
		{B8C0D963-B31A-41AA-BA97-7CD7424999F7}.Release|Any CPU.ActiveCfg = Release|Any CPU
		{B8C0D963-B31A-41AA-BA97-7CD7424999F7}.Release|Any CPU.Build.0 = Release|Any CPU
		{4F206192-78F0-4D83-8319-5099F75C1FA0}.Debug|Any CPU.ActiveCfg = Debug|Any CPU
		{4F206192-78F0-4D83-8319-5099F75C1FA0}.Debug|Any CPU.Build.0 = Debug|Any CPU
		{4F206192-78F0-4D83-8319-5099F75C1FA0}.Release|Any CPU.ActiveCfg = Release|Any CPU
		{4F206192-78F0-4D83-8319-5099F75C1FA0}.Release|Any CPU.Build.0 = Release|Any CPU
	EndGlobalSection
	GlobalSection(SolutionProperties) = preSolution
		HideSolutionNode = FALSE
	EndGlobalSection
	GlobalSection(NestedProjects) = preSolution
		{B7281921-5527-4E1B-AAC3-948A98A1DADD} = {FF0DCC66-0ADB-4ACA-8FF7-85D159E5E31F}
		{B8C0D963-B31A-41AA-BA97-7CD7424999F7} = {B7281921-5527-4E1B-AAC3-948A98A1DADD}
	EndGlobalSection
	GlobalSection(ExtensibilityGlobals) = postSolution
		SolutionGuid = {E365E665-9E66-449D-BE65-D4B7B6CA0ACD}
	EndGlobalSection
EndGlobal
